
Microsoft Visual Studio Solution File, Format Version 12.00
# Visual Studio Version 17
VisualStudioVersion = 17.2.32630.192
MinimumVisualStudioVersion = 10.0.40219.1
Project("{9A19103F-16F7-4668-BE54-9A1E7A4F7556}") = "TokenNet6", "TokenNet6\TokenNet6.csproj", "{817520A9-4CB7-43F7-8C97-5D60C13037AB}"
EndProject
Global
	GlobalSection(SolutionConfigurationPlatforms) = preSolution
		Debug|Any CPU = Debug|Any CPU
		Release|Any CPU = Release|Any CPU
	EndGlobalSection
	GlobalSection(ProjectConfigurationPlatforms) = postSolution
		{817520A9-4CB7-43F7-8C97-5D60C13037AB}.Debug|Any CPU.ActiveCfg = Debug|Any CPU
		{817520A9-4CB7-43F7-8C97-5D60C13037AB}.Debug|Any CPU.Build.0 = Debug|Any CPU
		{817520A9-4CB7-43F7-8C97-5D60C13037AB}.Release|Any CPU.ActiveCfg = Release|Any CPU
		{817520A9-4CB7-43F7-8C97-5D60C13037AB}.Release|Any CPU.Build.0 = Release|Any CPU
	EndGlobalSection
	GlobalSection(SolutionProperties) = preSolution
		HideSolutionNode = FALSE
	EndGlobalSection
	GlobalSection(ExtensibilityGlobals) = postSolution
		SolutionGuid = {8EDDEBF7-2667-4CC2-B492-B3C72DDE2029}
	EndGlobalSection
EndGlobal
